
Microsoft Visual Studio Solution File, Format Version 12.00
# Visual Studio Version 17
VisualStudioVersion = 17.14.36401.2 d17.14
MinimumVisualStudioVersion = 10.0.40219.1
Project("{FAE04EC0-301F-11D3-BF4B-00C04F79EFBC}") = "MDD4All.Text.DataModels", "MDD4All.Text.DataModels\MDD4All.Text.DataModels.csproj", "{C3CD1681-8034-1C32-1839-CC7245B9B756}"
EndProject
Project("{2150E333-8FDC-42A3-9474-1A3956D46DE8}") = "Projektmappenelemente", "Projektmappenelemente", "{84D27F74-D2BA-6C25-2661-968F101900D9}"
	ProjectSection(SolutionItems) = preProject
		..\.github\workflows\build.yml = ..\.github\workflows\build.yml
		version.txt = version.txt
	EndProjectSection
EndProject
Global
	GlobalSection(SolutionConfigurationPlatforms) = preSolution
		Debug|Any CPU = Debug|Any CPU
		Release|Any CPU = Release|Any CPU
	EndGlobalSection
	GlobalSection(ProjectConfigurationPlatforms) = postSolution
		{C3CD1681-8034-1C32-1839-CC7245B9B756}.Debug|Any CPU.ActiveCfg = Debug|Any CPU
		{C3CD1681-8034-1C32-1839-CC7245B9B756}.Debug|Any CPU.Build.0 = Debug|Any CPU
		{C3CD1681-8034-1C32-1839-CC7245B9B756}.Release|Any CPU.ActiveCfg = Release|Any CPU
		{C3CD1681-8034-1C32-1839-CC7245B9B756}.Release|Any CPU.Build.0 = Release|Any CPU
	EndGlobalSection
	GlobalSection(SolutionProperties) = preSolution
		HideSolutionNode = FALSE
	EndGlobalSection
	GlobalSection(ExtensibilityGlobals) = postSolution
		SolutionGuid = {814D91DD-8295-4231-AD76-EE1478607762}
	EndGlobalSection
EndGlobal
